
Microsoft Visual Studio Solution File, Format Version 12.00
# Visual Studio Version 16
VisualStudioVersion = 16.0.29920.165
MinimumVisualStudioVersion = 10.0.40219.1
Project("{FAE04EC0-301F-11D3-BF4B-00C04F79EFBC}") = "HondaDisplay", "HondaDisplay\HondaDisplay.csproj", "{F4E52DE5-F563-4646-9559-8BC3876AC9BE}"
EndProject
Project("{54435603-DBB4-11D2-8724-00A0C9A8B90C}") = "DisplayInstaller", "DisplayInstaller\DisplayInstaller.vdproj", "{E9EB18BB-DEB1-4896-8D2A-66D8E233BFB4}"
EndProject
Global
	GlobalSection(SolutionConfigurationPlatforms) = preSolution
		Debug|Any CPU = Debug|Any CPU
		Release|Any CPU = Release|Any CPU
	EndGlobalSection
	GlobalSection(ProjectConfigurationPlatforms) = postSolution
		{F4E52DE5-F563-4646-9559-8BC3876AC9BE}.Debug|Any CPU.ActiveCfg = Debug|Any CPU
		{F4E52DE5-F563-4646-9559-8BC3876AC9BE}.Debug|Any CPU.Build.0 = Debug|Any CPU
		{F4E52DE5-F563-4646-9559-8BC3876AC9BE}.Release|Any CPU.ActiveCfg = Release|Any CPU
		{F4E52DE5-F563-4646-9559-8BC3876AC9BE}.Release|Any CPU.Build.0 = Release|Any CPU
		{E9EB18BB-DEB1-4896-8D2A-66D8E233BFB4}.Debug|Any CPU.ActiveCfg = Debug
		{E9EB18BB-DEB1-4896-8D2A-66D8E233BFB4}.Release|Any CPU.ActiveCfg = Release
		{E9EB18BB-DEB1-4896-8D2A-66D8E233BFB4}.Release|Any CPU.Build.0 = Release
	EndGlobalSection
	GlobalSection(SolutionProperties) = preSolution
		HideSolutionNode = FALSE
	EndGlobalSection
	GlobalSection(ExtensibilityGlobals) = postSolution
		SolutionGuid = {5CEBAA8E-28D7-4031-9DF4-79AFB1746ECC}
	EndGlobalSection
EndGlobal
